
Microsoft Visual Studio Solution File, Format Version 12.00
# Visual Studio Version 16
VisualStudioVersion = 16.0.32002.261
MinimumVisualStudioVersion = 10.0.40219.1
Project("{FAE04EC0-301F-11D3-BF4B-00C04F79EFBC}") = "Compute the Employwage", "Compute the Employwage\Compute the Employwage.csproj", "{18E5F75F-9A8A-459F-97C1-4C686EE2FC61}"
EndProject
Global
	GlobalSection(SolutionConfigurationPlatforms) = preSolution
		Debug|Any CPU = Debug|Any CPU
		Release|Any CPU = Release|Any CPU
	EndGlobalSection
	GlobalSection(ProjectConfigurationPlatforms) = postSolution
		{18E5F75F-9A8A-459F-97C1-4C686EE2FC61}.Debug|Any CPU.ActiveCfg = Debug|Any CPU
		{18E5F75F-9A8A-459F-97C1-4C686EE2FC61}.Debug|Any CPU.Build.0 = Debug|Any CPU
		{18E5F75F-9A8A-459F-97C1-4C686EE2FC61}.Release|Any CPU.ActiveCfg = Release|Any CPU
		{18E5F75F-9A8A-459F-97C1-4C686EE2FC61}.Release|Any CPU.Build.0 = Release|Any CPU
	EndGlobalSection
	GlobalSection(SolutionProperties) = preSolution
		HideSolutionNode = FALSE
	EndGlobalSection
	GlobalSection(ExtensibilityGlobals) = postSolution
		SolutionGuid = {0A033067-BBD9-4D45-AC8E-955214A133DA}
	EndGlobalSection
EndGlobal
