
Microsoft Visual Studio Solution File, Format Version 12.00
# Visual Studio Version 16
VisualStudioVersion = 16.0.32002.261
MinimumVisualStudioVersion = 10.0.40219.1
Project("{FAE04EC0-301F-11D3-BF4B-00C04F79EFBC}") = "Uc10 EmpWageBuilder to manage for Wage Multi companies", "Uc10 EmpWageBuilder to manage for Wage Multi companies\Uc10 EmpWageBuilder to manage for Wage Multi companies.csproj", "{1E9C20EE-668A-4CC1-86F3-3E5DDD0E847B}"
EndProject
Global
	GlobalSection(SolutionConfigurationPlatforms) = preSolution
		Debug|Any CPU = Debug|Any CPU
		Release|Any CPU = Release|Any CPU
	EndGlobalSection
	GlobalSection(ProjectConfigurationPlatforms) = postSolution
		{1E9C20EE-668A-4CC1-86F3-3E5DDD0E847B}.Debug|Any CPU.ActiveCfg = Debug|Any CPU
		{1E9C20EE-668A-4CC1-86F3-3E5DDD0E847B}.Debug|Any CPU.Build.0 = Debug|Any CPU
		{1E9C20EE-668A-4CC1-86F3-3E5DDD0E847B}.Release|Any CPU.ActiveCfg = Release|Any CPU
		{1E9C20EE-668A-4CC1-86F3-3E5DDD0E847B}.Release|Any CPU.Build.0 = Release|Any CPU
	EndGlobalSection
	GlobalSection(SolutionProperties) = preSolution
		HideSolutionNode = FALSE
	EndGlobalSection
	GlobalSection(ExtensibilityGlobals) = postSolution
		SolutionGuid = {FEA2E748-DCE5-41FF-9892-3CE3DA83FF0C}
	EndGlobalSection
EndGlobal
