
Microsoft Visual Studio Solution File, Format Version 12.00
# Visual Studio Version 16
VisualStudioVersion = 16.0.32002.261
MinimumVisualStudioVersion = 10.0.40219.1
Project("{FAE04EC0-301F-11D3-BF4B-00C04F79EFBC}") = "Compute wage of companies", "Compute wage of companies\Compute wage of companies.csproj", "{0C5DDAAA-CEC4-4401-BE21-31A1DD7E7499}"
EndProject
Global
	GlobalSection(SolutionConfigurationPlatforms) = preSolution
		Debug|Any CPU = Debug|Any CPU
		Release|Any CPU = Release|Any CPU
	EndGlobalSection
	GlobalSection(ProjectConfigurationPlatforms) = postSolution
		{0C5DDAAA-CEC4-4401-BE21-31A1DD7E7499}.Debug|Any CPU.ActiveCfg = Debug|Any CPU
		{0C5DDAAA-CEC4-4401-BE21-31A1DD7E7499}.Debug|Any CPU.Build.0 = Debug|Any CPU
		{0C5DDAAA-CEC4-4401-BE21-31A1DD7E7499}.Release|Any CPU.ActiveCfg = Release|Any CPU
		{0C5DDAAA-CEC4-4401-BE21-31A1DD7E7499}.Release|Any CPU.Build.0 = Release|Any CPU
	EndGlobalSection
	GlobalSection(SolutionProperties) = preSolution
		HideSolutionNode = FALSE
	EndGlobalSection
	GlobalSection(ExtensibilityGlobals) = postSolution
		SolutionGuid = {47997C10-04DB-42F6-83FF-EC7B9172F693}
	EndGlobalSection
EndGlobal
